
Microsoft Visual Studio Solution File, Format Version 12.00
# Visual Studio 15
VisualStudioVersion = 15.0.26730.16
MinimumVisualStudioVersion = 10.0.40219.1
Project("{F2A71F9B-5D33-465A-A702-920D77279786}") = "DogWalking", "DogWalking.Domain\DogWalking.fsproj", "{45CDC08F-0423-4DF1-B586-F725DC61E499}"
EndProject
Global
	GlobalSection(SolutionConfigurationPlatforms) = preSolution
		Debug|Any CPU = Debug|Any CPU
		Release|Any CPU = Release|Any CPU
	EndGlobalSection
	GlobalSection(ProjectConfigurationPlatforms) = postSolution
		{45CDC08F-0423-4DF1-B586-F725DC61E499}.Debug|Any CPU.ActiveCfg = Debug|Any CPU
		{45CDC08F-0423-4DF1-B586-F725DC61E499}.Debug|Any CPU.Build.0 = Debug|Any CPU
		{45CDC08F-0423-4DF1-B586-F725DC61E499}.Release|Any CPU.ActiveCfg = Release|Any CPU
		{45CDC08F-0423-4DF1-B586-F725DC61E499}.Release|Any CPU.Build.0 = Release|Any CPU
	EndGlobalSection
	GlobalSection(SolutionProperties) = preSolution
		HideSolutionNode = FALSE
	EndGlobalSection
	GlobalSection(ExtensibilityGlobals) = postSolution
		SolutionGuid = {69F822FC-B100-4FAA-8F62-544B95281F1D}
	EndGlobalSection
EndGlobal
